
Microsoft Visual Studio Solution File, Format Version 12.00
# Visual Studio 15
VisualStudioVersion = 15.0.28307.1169
MinimumVisualStudioVersion = 10.0.40219.1
Project("{FAE04EC0-301F-11D3-BF4B-00C04F79EFBC}") = "ReplicationWinService", "ReplicationWinService.csproj", "{4FB2E21F-599F-46E2-9512-C879DAB756EA}"
EndProject
Project("{FAE04EC0-301F-11D3-BF4B-00C04F79EFBC}") = "TestsApp", "..\TestsApp\TestsApp.csproj", "{385C4A1E-9A33-44FC-9BCE-A9D2F08FD43D}"
EndProject
Global
	GlobalSection(SolutionConfigurationPlatforms) = preSolution
		Debug|Any CPU = Debug|Any CPU
		Release|Any CPU = Release|Any CPU
	EndGlobalSection
	GlobalSection(ProjectConfigurationPlatforms) = postSolution
		{4FB2E21F-599F-46E2-9512-C879DAB756EA}.Debug|Any CPU.ActiveCfg = Debug|Any CPU
		{4FB2E21F-599F-46E2-9512-C879DAB756EA}.Debug|Any CPU.Build.0 = Debug|Any CPU
		{4FB2E21F-599F-46E2-9512-C879DAB756EA}.Release|Any CPU.ActiveCfg = Release|Any CPU
		{4FB2E21F-599F-46E2-9512-C879DAB756EA}.Release|Any CPU.Build.0 = Release|Any CPU
		{385C4A1E-9A33-44FC-9BCE-A9D2F08FD43D}.Debug|Any CPU.ActiveCfg = Debug|Any CPU
		{385C4A1E-9A33-44FC-9BCE-A9D2F08FD43D}.Debug|Any CPU.Build.0 = Debug|Any CPU
		{385C4A1E-9A33-44FC-9BCE-A9D2F08FD43D}.Release|Any CPU.ActiveCfg = Release|Any CPU
		{385C4A1E-9A33-44FC-9BCE-A9D2F08FD43D}.Release|Any CPU.Build.0 = Release|Any CPU
	EndGlobalSection
	GlobalSection(SolutionProperties) = preSolution
		HideSolutionNode = FALSE
	EndGlobalSection
	GlobalSection(ExtensibilityGlobals) = postSolution
		SolutionGuid = {915C4C93-57DE-4C9D-B00D-9D3063AA83A8}
	EndGlobalSection
EndGlobal
